// !$*UTF8*$!
{
	archiveVersion = 1;
	classes = {
	};
	objectVersion = 46;
	objects = {

/* Begin PBXBuildFile section */
		68D46D9F1D59150900E54B46 /* AppDelegate.swift in Sources */ = {isa = PBXBuildFile; fileRef = 68D46D9E1D59150900E54B46 /* AppDelegate.swift */; };
		68D46DA11D59150900E54B46 /* ViewController.swift in Sources */ = {isa = PBXBuildFile; fileRef = 68D46DA01D59150900E54B46 /* ViewController.swift */; };
		68D46DA41D59150900E54B46 /* Main.storyboard in Resources */ = {isa = PBXBuildFile; fileRef = 68D46DA21D59150900E54B46 /* Main.storyboard */; };
		68D46DA61D59150900E54B46 /* Assets.xcassets in Resources */ = {isa = PBXBuildFile; fileRef = 68D46DA51D59150900E54B46 /* Assets.xcassets */; };
		68D46DA91D59150900E54B46 /* LaunchScreen.storyboard in Resources */ = {isa = PBXBuildFile; fileRef = 68D46DA71D59150900E54B46 /* LaunchScreen.storyboard */; };
		68D46DB41D59150900E54B46 /* RichmondCatalogTests.swift in Sources */ = {isa = PBXBuildFile; fileRef = 68D46DB31D59150900E54B46 /* RichmondCatalogTests.swift */; };
/* End PBXBuildFile section */

/* Begin PBXContainerItemProxy section */
		68D46DB01D59150900E54B46 /* PBXContainerItemProxy */ = {
			isa = PBXContainerItemProxy;
			containerPortal = 68D46D931D59150900E54B46 /* Project object */;
			proxyType = 1;
			remoteGlobalIDString = 68D46D9A1D59150900E54B46;
			remoteInfo = RichmondCatalog;
		};
/* End PBXContainerItemProxy section */

/* Begin PBXFileReference section */
		68D46D9B1D59150900E54B46 /* RichmondCatalog.app */ = {isa = PBXFileReference; explicitFileType = wrapper.application; includeInIndex = 0; path = RichmondCatalog.app; sourceTree = BUILT_PRODUCTS_DIR; };
		68D46D9E1D59150900E54B46 /* AppDelegate.swift */ = {isa = PBXFileReference; lastKnownFileType = sourcecode.swift; path = AppDelegate.swift; sourceTree = "<group>"; };
		68D46DA01D59150900E54B46 /* ViewController.swift */ = {isa = PBXFileReference; lastKnownFileType = sourcecode.swift; path = ViewController.swift; sourceTree = "<group>"; };
		68D46DA31D59150900E54B46 /* Base */ = {isa = PBXFileReference; lastKnownFileType = file.storyboard; name = Base; path = Base.lproj/Main.storyboard; sourceTree = "<group>"; };
		68D46DA51D59150900E54B46 /* Assets.xcassets */ = {isa = PBXFileReference; lastKnownFileType = folder.assetcatalog; path = Assets.xcassets; sourceTree = "<group>"; };
		68D46DA81D59150900E54B46 /* Base */ = {isa = PBXFileReference; lastKnownFileType = file.storyboard; name = Base; path = Base.lproj/LaunchScreen.storyboard; sourceTree = "<group>"; };
		68D46DAA1D59150900E54B46 /* Info.plist */ = {isa = PBXFileReference; lastKnownFileType = text.plist.xml; path = Info.plist; sourceTree = "<group>"; };
		68D46DAF1D59150900E54B46 /* RichmondCatalogTests.xctest */ = {isa = PBXFileReference; explicitFileType = wrapper.cfbundle; includeInIndex = 0; path = RichmondCatalogTests.xctest; sourceTree = BUILT_PRODUCTS_DIR; };
		68D46DB31D59150900E54B46 /* RichmondCatalogTests.swift */ = {isa = PBXFileReference; lastKnownFileType = sourcecode.swift; path = RichmondCatalogTests.swift; sourceTree = "<group>"; };
		68D46DB51D59150900E54B46 /* Info.plist */ = {isa = PBXFileReference; lastKnownFileType = text.plist.xml; path = Info.plist; sourceTree = "<group>"; };
/* End PBXFileReference section */

/* Begin PBXFrameworksBuildPhase section */
		68D46D981D59150900E54B46 /* Frameworks */ = {
			isa = PBXFrameworksBuildPhase;
			buildActionMask = 2147483647;
			files = (
			);
			runOnlyForDeploymentPostprocessing = 0;
		};
		68D46DAC1D59150900E54B46 /* Frameworks */ = {
			isa = PBXFrameworksBuildPhase;
			buildActionMask = 2147483647;
			files = (
			);
			runOnlyForDeploymentPostprocessing = 0;
		};
/* End PBXFrameworksBuildPhase section */

/* Begin PBXGroup section */
		68D46D921D59150900E54B46 = {
			isa = PBXGroup;
			children = (
				68D46D9D1D59150900E54B46 /* RichmondCatalog */,
				68D46DB21D59150900E54B46 /* RichmondCatalogTests */,
				68D46D9C1D59150900E54B46 /* Products */,
			);
			sourceTree = "<group>";
		};
		68D46D9C1D59150900E54B46 /* Products */ = {
			isa = PBXGroup;
			children = (
				68D46D9B1D59150900E54B46 /* RichmondCatalog.app */,
				68D46DAF1D59150900E54B46 /* RichmondCatalogTests.xctest */,
			);
			name = Products;
			sourceTree = "<group>";
		};
		68D46D9D1D59150900E54B46 /* RichmondCatalog */ = {
			isa = PBXGroup;
			children = (
				68D46D9E1D59150900E54B46 /* AppDelegate.swift */,
				68D46DA01D59150900E54B46 /* ViewController.swift */,
				68D46DA21D59150900E54B46 /* Main.storyboard */,
				68D46DA51D59150900E54B46 /* Assets.xcassets */,
				68D46DA71D59150900E54B46 /* LaunchScreen.storyboard */,
				68D46DAA1D59150900E54B46 /* Info.plist */,
			);
			path = RichmondCatalog;
			sourceTree = "<group>";
		};
		68D46DB21D59150900E54B46 /* RichmondCatalogTests */ = {
			isa = PBXGroup;
			children = (
				68D46DB31D59150900E54B46 /* RichmondCatalogTests.swift */,
				68D46DB51D59150900E54B46 /* Info.plist */,
			);
			path = RichmondCatalogTests;
			sourceTree = "<group>";
		};
/* End PBXGroup section */

/* Begin PBXNativeTarget section */
		68D46D9A1D59150900E54B46 /* RichmondCatalog */ = {
			isa = PBXNativeTarget;
			buildConfigurationList = 68D46DB81D59150900E54B46 /* Build configuration list for PBXNativeTarget "RichmondCatalog" */;
			buildPhases = (
				68D46D971D59150900E54B46 /* Sources */,
				68D46D981D59150900E54B46 /* Frameworks */,
				68D46D991D59150900E54B46 /* Resources */,
			);
			buildRules = (
			);
			dependencies = (
			);
			name = RichmondCatalog;
			productName = RichmondCatalog;
			productReference = 68D46D9B1D59150900E54B46 /* RichmondCatalog.app */;
			productType = "com.apple.product-type.application";
		};
		68D46DAE1D59150900E54B46 /* RichmondCatalogTests */ = {
			isa = PBXNativeTarget;
			buildConfigurationList = 68D46DBB1D59150900E54B46 /* Build configuration list for PBXNativeTarget "RichmondCatalogTests" */;
			buildPhases = (
				68D46DAB1D59150900E54B46 /* Sources */,
				68D46DAC1D59150900E54B46 /* Frameworks */,
				68D46DAD1D59150900E54B46 /* Resources */,
			);
			buildRules = (
			);
			dependencies = (
				68D46DB11D59150900E54B46 /* PBXTargetDependency */,
			);
			name = RichmondCatalogTests;
			productName = RichmondCatalogTests;
			productReference = 68D46DAF1D59150900E54B46 /* RichmondCatalogTests.xctest */;
			productType = "com.apple.product-type.bundle.unit-test";
		};
/* End PBXNativeTarget section */

/* Begin PBXProject section */
		68D46D931D59150900E54B46 /* Project object */ = {
			isa = PBXProject;
			attributes = {
				LastSwiftUpdateCheck = 0730;
				LastUpgradeCheck = 0730;
				ORGANIZATIONNAME = Yanku;
				TargetAttributes = {
					68D46D9A1D59150900E54B46 = {
						CreatedOnToolsVersion = 7.3.1;
					};
					68D46DAE1D59150900E54B46 = {
						CreatedOnToolsVersion = 7.3.1;
						TestTargetID = 68D46D9A1D59150900E54B46;
					};
				};
			};
			buildConfigurationList = 68D46D961D59150900E54B46 /* Build configuration list for PBXProject "RichmondCatalog" */;
			compatibilityVersion = "Xcode 3.2";
			developmentRegion = English;
			hasScannedForEncodings = 0;
			knownRegions = (
				en,
				Base,
			);
			mainGroup = 68D46D921D59150900E54B46;
			productRefGroup = 68D46D9C1D59150900E54B46 /* Products */;
			projectDirPath = "";
			projectRoot = "";
			targets = (
				68D46D9A1D59150900E54B46 /* RichmondCatalog */,
				68D46DAE1D59150900E54B46 /* RichmondCatalogTests */,
			);
		};
/* End PBXProject section */

/* Begin PBXResourcesBuildPhase section */
		68D46D991D59150900E54B46 /* Resources */ = {
			isa = PBXResourcesBuildPhase;
			buildActionMask = 2147483647;
			files = (
				68D46DA91D59150900E54B46 /* LaunchScreen.storyboard in Resources */,
				68D46DA61D59150900E54B46 /* Assets.xcassets in Resources */,
				68D46DA41D59150900E54B46 /* Main.storyboard in Resources */,
			);
			runOnlyForDeploymentPostprocessing = 0;
		};
		68D46DAD1D59150900E54B46 /* Resources */ = {
			isa = PBXResourcesBuildPhase;
			buildActionMask = 2147483647;
			files = (
			);
			runOnlyForDeploymentPostprocessing = 0;
		};
/* End PBXResourcesBuildPhase section */

/* Begin PBXSourcesBuildPhase section */
		68D46D971D59150900E54B46 /* Sources */ = {
			isa = PBXSourcesBuildPhase;
			buildActionMask = 2147483647;
			files = (
				68D46DA11D59150900E54B46 /* ViewController.swift in Sources */,
				68D46D9F1D59150900E54B46 /* AppDelegate.swift in Sources */,
			);
			runOnlyForDeploymentPostprocessing = 0;
		};
		68D46DAB1D59150900E54B46 /* Sources */ = {
			isa = PBXSourcesBuildPhase;
			buildActionMask = 2147483647;
			files = (
				68D46DB41D59150900E54B46 /* RichmondCatalogTests.swift in Sources */,
			);
			runOnlyForDeploymentPostprocessing = 0;
		};
/* End PBXSourcesBuildPhase section */

/* Begin PBXTargetDependency section */
		68D46DB11D59150900E54B46 /* PBXTargetDependency */ = {
			isa = PBXTargetDependency;
			target = 68D46D9A1D59150900E54B46 /* RichmondCatalog */;
			targetProxy = 68D46DB01D59150900E54B46 /* PBXContainerItemProxy */;
		};
/* End PBXTargetDependency section */

/* Begin PBXVariantGroup section */
		68D46DA21D59150900E54B46 /* Main.storyboard */ = {
			isa = PBXVariantGroup;
			children = (
				68D46DA31D59150900E54B46 /* Base */,
			);
			name = Main.storyboard;
			sourceTree = "<group>";
		};
		68D46DA71D59150900E54B46 /* LaunchScreen.storyboard */ = {
			isa = PBXVariantGroup;
			children = (
				68D46DA81D59150900E54B46 /* Base */,
			);
			name = LaunchScreen.storyboard;
			sourceTree = "<group>";
		};
/* End PBXVariantGroup section */

/* Begin XCBuildConfiguration section */
		68D46DB61D59150900E54B46 /* Debug */ = {
			isa = XCBuildConfiguration;
			buildSettings = {
				ALWAYS_SEARCH_USER_PATHS = NO;
				CLANG_ANALYZER_NONNULL = YES;
				CLANG_CXX_LANGUAGE_STANDARD = "gnu++0x";
				CLANG_CXX_LIBRARY = "libc++";
				CLANG_ENABLE_MODULES = YES;
				CLANG_ENABLE_OBJC_ARC = YES;
				CLANG_WARN_BOOL_CONVERSION = YES;
				CLANG_WARN_CONSTANT_CONVERSION = YES;
				CLANG_WARN_DIRECT_OBJC_ISA_USAGE = YES_ERROR;
				CLANG_WARN_EMPTY_BODY = YES;
				CLANG_WARN_ENUM_CONVERSION = YES;
				CLANG_WARN_INT_CONVERSION = YES;
				CLANG_WARN_OBJC_ROOT_CLASS = YES_ERROR;
				CLANG_WARN_UNREACHABLE_CODE = YES;
				CLANG_WARN__DUPLICATE_METHOD_MATCH = YES;
				"CODE_SIGN_IDENTITY[sdk=iphoneos*]" = "iPhone Developer";
				COPY_PHASE_STRIP = NO;
				DEBUG_INFORMATION_FORMAT = dwarf;
				ENABLE_STRICT_OBJC_MSGSEND = YES;
				ENABLE_TESTABILITY = YES;
				GCC_C_LANGUAGE_STANDARD = gnu99;
				GCC_DYNAMIC_NO_PIC = NO;
				GCC_NO_COMMON_BLOCKS = YES;
				GCC_OPTIMIZATION_LEVEL = 0;
				GCC_PREPROCESSOR_DEFINITIONS = (
					"DEBUG=1",
					"$(inherited)",
				);
				GCC_WARN_64_TO_32_BIT_CONVERSION = YES;
				GCC_WARN_ABOUT_RETURN_TYPE = YES_ERROR;
				GCC_WARN_UNDECLARED_SELECTOR = YES;
				GCC_WARN_UNINITIALIZED_AUTOS = YES_AGGRESSIVE;
				GCC_WARN_UNUSED_FUNCTION = YES;
				GCC_WARN_UNUSED_VARIABLE = YES;
				IPHONEOS_DEPLOYMENT_TARGET = 9.3;
				MTL_ENABLE_DEBUG_INFO = YES;
				ONLY_ACTIVE_ARCH = YES;
				SDKROOT = iphoneos;
				SWIFT_OPTIMIZATION_LEVEL = "-Onone";
				TARGETED_DEVICE_FAMILY = "1,2";
			};
			name = Debug;
		};
		68D46DB71D59150900E54B46 /* Release */ = {
			isa = XCBuildConfiguration;
			buildSettings = {
				ALWAYS_SEARCH_USER_PATHS = NO;
				CLANG_ANALYZER_NONNULL = YES;
				CLANG_CXX_LANGUAGE_STANDARD = "gnu++0x";
				CLANG_CXX_LIBRARY = "libc++";
				CLANG_ENABLE_MODULES = YES;
				CLANG_ENABLE_OBJC_ARC = YES;
				CLANG_WARN_BOOL_CONVERSION = YES;
				CLANG_WARN_CONSTANT_CONVERSION = YES;
				CLANG_WARN_DIRECT_OBJC_ISA_USAGE = YES_ERROR;
				CLANG_WARN_EMPTY_BODY = YES;
				CLANG_WARN_ENUM_CONVERSION = YES;
				CLANG_WARN_INT_CONVERSION = YES;
				CLANG_WARN_OBJC_ROOT_CLASS = YES_ERROR;
				CLANG_WARN_UNREACHABLE_CODE = YES;
				CLANG_WARN__DUPLICATE_METHOD_MATCH = YES;
				"CODE_SIGN_IDENTITY[sdk=iphoneos*]" = "iPhone Developer";
				COPY_PHASE_STRIP = NO;
				DEBUG_INFORMATION_FORMAT = "dwarf-with-dsym";
				ENABLE_NS_ASSERTIONS = NO;
				ENABLE_STRICT_OBJC_MSGSEND = YES;
				GCC_C_LANGUAGE_STANDARD = gnu99;
				GCC_NO_COMMON_BLOCKS = YES;
				GCC_WARN_64_TO_32_BIT_CONVERSION = YES;
				GCC_WARN_ABOUT_RETURN_TYPE = YES_ERROR;
				GCC_WARN_UNDECLARED_SELECTOR = YES;
				GCC_WARN_UNINITIALIZED_AUTOS = YES_AGGRESSIVE;
				GCC_WARN_UNUSED_FUNCTION = YES;
				GCC_WARN_UNUSED_VARIABLE = YES;
				IPHONEOS_DEPLOYMENT_TARGET = 9.3;
				MTL_ENABLE_DEBUG_INFO = NO;
				SDKROOT = iphoneos;
				TARGETED_DEVICE_FAMILY = "1,2";
				VALIDATE_PRODUCT = YES;
			};
			name = Release;
		};
		68D46DB91D59150900E54B46 /* Debug */ = {
			isa = XCBuildConfiguration;
			buildSettings = {
				ASSETCATALOG_COMPILER_APPICON_NAME = AppIcon;
				INFOPLIST_FILE = RichmondCatalog/Info.plist;
				LD_RUNPATH_SEARCH_PATHS = "$(inherited) @executable_path/Frameworks";
				PRODUCT_BUNDLE_IDENTIFIER = yanku.RichmondCatalog;
				PRODUCT_NAME = "$(TARGET_NAME)";
			};
			name = Debug;
		};
		68D46DBA1D59150900E54B46 /* Release */ = {
			isa = XCBuildConfiguration;
			buildSettings = {
				ASSETCATALOG_COMPILER_APPICON_NAME = AppIcon;
				INFOPLIST_FILE = RichmondCatalog/Info.plist;
				LD_RUNPATH_SEARCH_PATHS = "$(inherited) @executable_path/Frameworks";
				PRODUCT_BUNDLE_IDENTIFIER = yanku.RichmondCatalog;
				PRODUCT_NAME = "$(TARGET_NAME)";
			};
			name = Release;
		};
		68D46DBC1D59150900E54B46 /* Debug */ = {
			isa = XCBuildConfiguration;
			buildSettings = {
				BUNDLE_LOADER = "$(TEST_HOST)";
				INFOPLIST_FILE = RichmondCatalogTests/Info.plist;
				LD_RUNPATH_SEARCH_PATHS = "$(inherited) @executable_path/Frameworks @loader_path/Frameworks";
				PRODUCT_BUNDLE_IDENTIFIER = yanku.RichmondCatalogTests;
				PRODUCT_NAME = "$(TARGET_NAME)";
				TEST_HOST = "$(BUILT_PRODUCTS_DIR)/RichmondCatalog.app/RichmondCatalog";
			};
			name = Debug;
		};
		68D46DBD1D59150900E54B46 /* Release */ = {
			isa = XCBuildConfiguration;
			buildSettings = {
				BUNDLE_LOADER = "$(TEST_HOST)";
				INFOPLIST_FILE = RichmondCatalogTests/Info.plist;
				LD_RUNPATH_SEARCH_PATHS = "$(inherited) @executable_path/Frameworks @loader_path/Frameworks";
				PRODUCT_BUNDLE_IDENTIFIER = yanku.RichmondCatalogTests;
				PRODUCT_NAME = "$(TARGET_NAME)";
				TEST_HOST = "$(BUILT_PRODUCTS_DIR)/RichmondCatalog.app/RichmondCatalog";
			};
			name = Release;
		};
/* End XCBuildConfiguration section */

/* Begin XCConfigurationList section */
		68D46D961D59150900E54B46 /* Build configuration list for PBXProject "RichmondCatalog" */ = {
			isa = XCConfigurationList;
			buildConfigurations = (
				68D46DB61D59150900E54B46 /* Debug */,
				68D46DB71D59150900E54B46 /* Release */,
			);
			defaultConfigurationIsVisible = 0;
			defaultConfigurationName = Release;
		};
		68D46DB81D59150900E54B46 /* Build configuration list for PBXNativeTarget "RichmondCatalog" */ = {
			isa = XCConfigurationList;
			buildConfigurations = (
				68D46DB91D59150900E54B46 /* Debug */,
				68D46DBA1D59150900E54B46 /* Release */,
			);
			defaultConfigurationIsVisible = 0;
		};
		68D46DBB1D59150900E54B46 /* Build configuration list for PBXNativeTarget "RichmondCatalogTests" */ = {
			isa = XCConfigurationList;
			buildConfigurations = (
				68D46DBC1D59150900E54B46 /* Debug */,
				68D46DBD1D59150900E54B46 /* Release */,
			);
			defaultConfigurationIsVisible = 0;
		};
/* End XCConfigurationList section */
	};
	rootObject = 68D46D931D59150900E54B46 /* Project object */;
}
